
Microsoft Visual Studio Solution File, Format Version 12.00
# Visual Studio Version 17
VisualStudioVersion = 17.4.33103.184
MinimumVisualStudioVersion = 10.0.40219.1
Project("{2150E333-8FDC-42A3-9474-1A3956D46DE8}") = "ApiGateways", "ApiGateways", "{E0B77A31-9C03-4EDD-B102-C2D28B35E16C}"
EndProject
Project("{9A19103F-16F7-4668-BE54-9A1E7A4F7556}") = "Web.API", "ApiGateways\Web.API\Web.API.csproj", "{4FCCB15E-134C-44DD-AAD9-CDA4E018AE21}"
EndProject
Project("{2150E333-8FDC-42A3-9474-1A3956D46DE8}") = "Services", "Services", "{DFE01236-BB12-466D-800D-7AE041DA2A81}"
EndProject
Project("{2150E333-8FDC-42A3-9474-1A3956D46DE8}") = "Post", "Post", "{5AC542EF-C7E6-47DC-9C5D-FF03CE355A2E}"
EndProject
Project("{2150E333-8FDC-42A3-9474-1A3956D46DE8}") = "Review", "Review", "{71CE9297-3F5C-4EA5-9495-507E9B26A0BB}"
EndProject
Project("{2150E333-8FDC-42A3-9474-1A3956D46DE8}") = "Tests", "Tests", "{C926E135-0BFE-4C55-9DF3-8FB36EDE7287}"
EndProject
Project("{2150E333-8FDC-42A3-9474-1A3956D46DE8}") = "Tests", "Tests", "{3E2E79A8-6300-4D49-8DB0-DC7CD47F337F}"
EndProject
Project("{9A19103F-16F7-4668-BE54-9A1E7A4F7556}") = "Post.UnitTests", "Services\Post\Post.UnitTests\Post.UnitTests.csproj", "{5F637273-D6C0-4028-A5FA-AF9E5C29735B}"
EndProject
Project("{9A19103F-16F7-4668-BE54-9A1E7A4F7556}") = "Post.API", "Services\Post\Post.API\Post.API.csproj", "{5E9FA4A1-4828-4A18-B85F-06C3164589A6}"
EndProject
Project("{9A19103F-16F7-4668-BE54-9A1E7A4F7556}") = "Post.Domain", "Services\Post\Post.Domain\Post.Domain.csproj", "{CF836146-5BB2-4218-9DB7-A7EF05FF4949}"
EndProject
Project("{9A19103F-16F7-4668-BE54-9A1E7A4F7556}") = "Post.Infrastructure", "Services\Post\Post.Infrastructure\Post.Infrastructure.csproj", "{DED838D6-10B5-4C8D-813E-B005C28E9127}"
EndProject
Project("{9A19103F-16F7-4668-BE54-9A1E7A4F7556}") = "Review.API", "Services\Review\Review.API\Review.API.csproj", "{55A2DBF3-1D4B-4426-B970-7AF2443DA41D}"
EndProject
Project("{9A19103F-16F7-4668-BE54-9A1E7A4F7556}") = "Review.UnitTests", "Services\Review\Review.UnitTests\Review.UnitTests.csproj", "{8D320F58-4C01-456C-8096-B52384306E91}"
EndProject
Project("{2150E333-8FDC-42A3-9474-1A3956D46DE8}") = "Common", "Common", "{4D6F8AEF-614B-4FE8-8986-54A258DD2C47}"
EndProject
Project("{9A19103F-16F7-4668-BE54-9A1E7A4F7556}") = "EventBus", "Common\EventBus\EventBus.csproj", "{3E572F26-B7CC-4D76-8B81-1EBA9F8165B0}"
EndProject
Project("{E53339B2-1760-4266-BCC7-CA923CBCF16C}") = "docker-compose", "docker-compose.dcproj", "{E2ACC89E-EB8D-4981-BDF5-5A0A55A035D0}"
EndProject
Project("{2150E333-8FDC-42A3-9474-1A3956D46DE8}") = "Tests", "Tests", "{3A20BAE3-69ED-455D-A81C-52D053C9CBB1}"
EndProject
Project("{FAE04EC0-301F-11D3-BF4B-00C04F79EFBC}") = "Web.API.DeamonApp", "ApiGateways\Tests\Web.API.DeamonApp\Web.API.DeamonApp.csproj", "{5D0AC152-4D56-40C2-9054-A1CE08CA4B17}"
EndProject
Global
	GlobalSection(SolutionConfigurationPlatforms) = preSolution
		Debug|Any CPU = Debug|Any CPU
		Release|Any CPU = Release|Any CPU
	EndGlobalSection
	GlobalSection(ProjectConfigurationPlatforms) = postSolution
		{4FCCB15E-134C-44DD-AAD9-CDA4E018AE21}.Debug|Any CPU.ActiveCfg = Debug|Any CPU
		{4FCCB15E-134C-44DD-AAD9-CDA4E018AE21}.Debug|Any CPU.Build.0 = Debug|Any CPU
		{4FCCB15E-134C-44DD-AAD9-CDA4E018AE21}.Release|Any CPU.ActiveCfg = Release|Any CPU
		{4FCCB15E-134C-44DD-AAD9-CDA4E018AE21}.Release|Any CPU.Build.0 = Release|Any CPU
		{5F637273-D6C0-4028-A5FA-AF9E5C29735B}.Debug|Any CPU.ActiveCfg = Debug|Any CPU
		{5F637273-D6C0-4028-A5FA-AF9E5C29735B}.Debug|Any CPU.Build.0 = Debug|Any CPU
		{5F637273-D6C0-4028-A5FA-AF9E5C29735B}.Release|Any CPU.ActiveCfg = Release|Any CPU
		{5F637273-D6C0-4028-A5FA-AF9E5C29735B}.Release|Any CPU.Build.0 = Release|Any CPU
		{5E9FA4A1-4828-4A18-B85F-06C3164589A6}.Debug|Any CPU.ActiveCfg = Debug|Any CPU
		{5E9FA4A1-4828-4A18-B85F-06C3164589A6}.Debug|Any CPU.Build.0 = Debug|Any CPU
		{5E9FA4A1-4828-4A18-B85F-06C3164589A6}.Release|Any CPU.ActiveCfg = Release|Any CPU
		{5E9FA4A1-4828-4A18-B85F-06C3164589A6}.Release|Any CPU.Build.0 = Release|Any CPU
		{CF836146-5BB2-4218-9DB7-A7EF05FF4949}.Debug|Any CPU.ActiveCfg = Debug|Any CPU
		{CF836146-5BB2-4218-9DB7-A7EF05FF4949}.Debug|Any CPU.Build.0 = Debug|Any CPU
		{CF836146-5BB2-4218-9DB7-A7EF05FF4949}.Release|Any CPU.ActiveCfg = Release|Any CPU
		{CF836146-5BB2-4218-9DB7-A7EF05FF4949}.Release|Any CPU.Build.0 = Release|Any CPU
		{DED838D6-10B5-4C8D-813E-B005C28E9127}.Debug|Any CPU.ActiveCfg = Debug|Any CPU
		{DED838D6-10B5-4C8D-813E-B005C28E9127}.Debug|Any CPU.Build.0 = Debug|Any CPU
		{DED838D6-10B5-4C8D-813E-B005C28E9127}.Release|Any CPU.ActiveCfg = Release|Any CPU
		{DED838D6-10B5-4C8D-813E-B005C28E9127}.Release|Any CPU.Build.0 = Release|Any CPU
		{55A2DBF3-1D4B-4426-B970-7AF2443DA41D}.Debug|Any CPU.ActiveCfg = Debug|Any CPU
		{55A2DBF3-1D4B-4426-B970-7AF2443DA41D}.Debug|Any CPU.Build.0 = Debug|Any CPU
		{55A2DBF3-1D4B-4426-B970-7AF2443DA41D}.Release|Any CPU.ActiveCfg = Release|Any CPU
		{55A2DBF3-1D4B-4426-B970-7AF2443DA41D}.Release|Any CPU.Build.0 = Release|Any CPU
		{8D320F58-4C01-456C-8096-B52384306E91}.Debug|Any CPU.ActiveCfg = Debug|Any CPU
		{8D320F58-4C01-456C-8096-B52384306E91}.Debug|Any CPU.Build.0 = Debug|Any CPU
		{8D320F58-4C01-456C-8096-B52384306E91}.Release|Any CPU.ActiveCfg = Release|Any CPU
		{8D320F58-4C01-456C-8096-B52384306E91}.Release|Any CPU.Build.0 = Release|Any CPU
		{3E572F26-B7CC-4D76-8B81-1EBA9F8165B0}.Debug|Any CPU.ActiveCfg = Debug|Any CPU
		{3E572F26-B7CC-4D76-8B81-1EBA9F8165B0}.Debug|Any CPU.Build.0 = Debug|Any CPU
		{3E572F26-B7CC-4D76-8B81-1EBA9F8165B0}.Release|Any CPU.ActiveCfg = Release|Any CPU
		{3E572F26-B7CC-4D76-8B81-1EBA9F8165B0}.Release|Any CPU.Build.0 = Release|Any CPU
		{E2ACC89E-EB8D-4981-BDF5-5A0A55A035D0}.Debug|Any CPU.ActiveCfg = Debug|Any CPU
		{E2ACC89E-EB8D-4981-BDF5-5A0A55A035D0}.Debug|Any CPU.Build.0 = Debug|Any CPU
		{E2ACC89E-EB8D-4981-BDF5-5A0A55A035D0}.Release|Any CPU.ActiveCfg = Release|Any CPU
		{E2ACC89E-EB8D-4981-BDF5-5A0A55A035D0}.Release|Any CPU.Build.0 = Release|Any CPU
		{5D0AC152-4D56-40C2-9054-A1CE08CA4B17}.Debug|Any CPU.ActiveCfg = Debug|Any CPU
		{5D0AC152-4D56-40C2-9054-A1CE08CA4B17}.Debug|Any CPU.Build.0 = Debug|Any CPU
		{5D0AC152-4D56-40C2-9054-A1CE08CA4B17}.Release|Any CPU.ActiveCfg = Release|Any CPU
		{5D0AC152-4D56-40C2-9054-A1CE08CA4B17}.Release|Any CPU.Build.0 = Release|Any CPU
	EndGlobalSection
	GlobalSection(SolutionProperties) = preSolution
		HideSolutionNode = FALSE
	EndGlobalSection
	GlobalSection(NestedProjects) = preSolution
		{4FCCB15E-134C-44DD-AAD9-CDA4E018AE21} = {E0B77A31-9C03-4EDD-B102-C2D28B35E16C}
		{5AC542EF-C7E6-47DC-9C5D-FF03CE355A2E} = {DFE01236-BB12-466D-800D-7AE041DA2A81}
		{71CE9297-3F5C-4EA5-9495-507E9B26A0BB} = {DFE01236-BB12-466D-800D-7AE041DA2A81}
		{C926E135-0BFE-4C55-9DF3-8FB36EDE7287} = {71CE9297-3F5C-4EA5-9495-507E9B26A0BB}
		{3E2E79A8-6300-4D49-8DB0-DC7CD47F337F} = {5AC542EF-C7E6-47DC-9C5D-FF03CE355A2E}
		{5F637273-D6C0-4028-A5FA-AF9E5C29735B} = {3E2E79A8-6300-4D49-8DB0-DC7CD47F337F}
		{5E9FA4A1-4828-4A18-B85F-06C3164589A6} = {5AC542EF-C7E6-47DC-9C5D-FF03CE355A2E}
		{CF836146-5BB2-4218-9DB7-A7EF05FF4949} = {5AC542EF-C7E6-47DC-9C5D-FF03CE355A2E}
		{DED838D6-10B5-4C8D-813E-B005C28E9127} = {5AC542EF-C7E6-47DC-9C5D-FF03CE355A2E}
		{55A2DBF3-1D4B-4426-B970-7AF2443DA41D} = {71CE9297-3F5C-4EA5-9495-507E9B26A0BB}
		{8D320F58-4C01-456C-8096-B52384306E91} = {C926E135-0BFE-4C55-9DF3-8FB36EDE7287}
		{3E572F26-B7CC-4D76-8B81-1EBA9F8165B0} = {4D6F8AEF-614B-4FE8-8986-54A258DD2C47}
		{3A20BAE3-69ED-455D-A81C-52D053C9CBB1} = {E0B77A31-9C03-4EDD-B102-C2D28B35E16C}
		{5D0AC152-4D56-40C2-9054-A1CE08CA4B17} = {3A20BAE3-69ED-455D-A81C-52D053C9CBB1}
	EndGlobalSection
	GlobalSection(ExtensibilityGlobals) = postSolution
		SolutionGuid = {950A0422-6499-4F4D-9854-98DC64E95540}
	EndGlobalSection
EndGlobal
